<?xml version="1.0" encoding="utf-8"?>
<Project ToolsVersion="4.0" xmlns="http://schemas.microsoft.com/developer/msbuild/2003">
  <ItemGroup>
    <Filter Include="src">
      <UniqueIdentifier>{4FC737F1-C7A5-4376-A066-2A32D752A2FF}</UniqueIdentifier>
      <Extensions>cpp;c;cc;cxx;def;odl;idl;hpj;bat;asm;asmx</Extensions>
    </Filter>
    <Filter Include="src\Socket">
      <UniqueIdentifier>{2c409322-6580-430f-bcf0-22da5d345bfa}</UniqueIdentifier>
    </Filter>
    <Filter Include="src\Socket\ServerSocket">
      <UniqueIdentifier>{21bfc51d-4b88-41ef-95e3-a92a94aa4614}</UniqueIdentifier>
    </Filter>
    <Filter Include="src\Socket\ClientSocket">
      <UniqueIdentifier>{23f323e2-181a-4a22-a259-114aaf6040b5}</UniqueIdentifier>
    </Filter>
    <Filter Include="src\Server">
      <UniqueIdentifier>{7588f297-23db-44f6-bb9e-0d38317b3778}</UniqueIdentifier>
    </Filter>
    <Filter Include="src\CommunicateThread">
      <UniqueIdentifier>{8104cfda-5438-4d9b-884a-7b640d3d113f}</UniqueIdentifier>
    </Filter>
  </ItemGroup>
  <ItemGroup>
    <ClInclude Include="..\src\Socket\I_Socket.h">
      <Filter>src\Socket</Filter>
    </ClInclude>
    <ClInclude Include="..\src\Socket\ServerSocket\ServerSocket.h">
      <Filter>src\Socket\ServerSocket</Filter>
    </ClInclude>
    <ClInclude Include="..\src\SendTypeCollection.h">
      <Filter>src</Filter>
    </ClInclude>
    <ClInclude Include="..\src\Socket\SocketUtil.h">
      <Filter>src\Socket</Filter>
    </ClInclude>
    <ClInclude Include="..\src\Socket\ClientSocket\ClientSocket.h">
      <Filter>src\Socket\ClientSocket</Filter>
    </ClInclude>
    <ClInclude Include="..\src\Server\Server.h">
      <Filter>src\Server</Filter>
    </ClInclude>
    <ClInclude Include="..\src\Socket\Socket.h">
      <Filter>src\Socket</Filter>
    </ClInclude>
    <ClInclude Include="..\src\CommunicateThread\CommunicateThread.h">
      <Filter>src\CommunicateThread</Filter>
    </ClInclude>
  </ItemGroup>
  <ItemGroup>
    <ClCompile Include="..\src\Socket\ServerSocket\ServerSocket.cpp">
      <Filter>src\Socket\ServerSocket</Filter>
    </ClCompile>
    <ClCompile Include="..\src\Socket\SocketUtil.cpp">
      <Filter>src\Socket</Filter>
    </ClCompile>
    <ClCompile Include="..\src\Socket\ClientSocket\ClientSocket.cpp">
      <Filter>src\Socket\ClientSocket</Filter>
    </ClCompile>
    <ClCompile Include="..\src\main.cpp">
      <Filter>src</Filter>
    </ClCompile>
    <ClCompile Include="..\src\Server\Server.cpp">
      <Filter>src\Server</Filter>
    </ClCompile>
    <ClCompile Include="..\src\Socket\Socket.cpp">
      <Filter>src\Socket</Filter>
    </ClCompile>
    <ClCompile Include="..\src\CommunicateThread\CommunicateThread.cpp">
      <Filter>src\CommunicateThread</Filter>
    </ClCompile>
  </ItemGroup>
</Project>